{
  "originHash" : "c0a4599e36c72f5ce0da2b77293d32ffba77389d0d7a587426834fcab71b748a",
  "pins" : [
    {
      "identity" : "fetch",
      "kind" : "remoteSourceControl",
      "location" : "https://git.w-hs.de/Simon.Schoepke/fetch.git",
      "state" : {
        "branch" : "main",
        "revision" : "6501fdf2e5f77caa16ddf611826e43b280929d0d"
      }
    },
    {
      "identity" : "jjliso8601dateformatter",
      "kind" : "remoteSourceControl",
      "location" : "https://github.com/michaeleisel/JJLISO8601DateFormatter.git",
      "state" : {
        "revision" : "741a9e45db01148a8ac60c5e12f7c978181a22d3",
        "version" : "0.1.8"
      }
    },
    {
      "identity" : "reerjson",
      "kind" : "remoteSourceControl",
      "location" : "https://github.com/reers/ReerJSON.git",
      "state" : {
        "revision" : "d91a5556b6185bc6968d99fa91def73b31c58630",
        "version" : "0.3.1"
      }
    },
    {
      "identity" : "swift-log",
      "kind" : "remoteSourceControl",
      "location" : "https://github.com/apple/swift-log.git",
      "state" : {
        "revision" : "2778fd4e5a12a8aaa30a3ee8285f4ce54c5f3181",
        "version" : "1.9.1"
      }
    },
    {
      "identity" : "yyjson",
      "kind" : "remoteSourceControl",
      "location" : "https://github.com/ibireme/yyjson.git",
      "state" : {
        "revision" : "8b4a38dc994a110abaec8a400615567bd996105f",
        "version" : "0.12.0"
      }
    }
  ],
  "version" : 3
}
