{
  "originHash" : "9a89aa05bedce37c76aa6c76e6e4773b0cca6fc4b17d8c092e1aa6e26efe616f",
  "pins" : [
    {
      "identity" : "fetch",
      "kind" : "remoteSourceControl",
      "location" : "https://git.w-hs.de/Simon.Schoepke/fetch.git",
      "state" : {
        "branch" : "main",
        "revision" : "04bf0d1da1b4006543e890c89cff7cceafbce99d"
      }
    },
    {
      "identity" : "jjliso8601dateformatter",
      "kind" : "remoteSourceControl",
      "location" : "https://github.com/michaeleisel/JJLISO8601DateFormatter.git",
      "state" : {
        "revision" : "741a9e45db01148a8ac60c5e12f7c978181a22d3",
        "version" : "0.1.8"
      }
    },
    {
      "identity" : "reerjson",
      "kind" : "remoteSourceControl",
      "location" : "https://git.w-hs.de/Simon.Schoepke/reerjson.git",
      "state" : {
        "branch" : "main",
        "revision" : "22de8b280447ba541db871682b0f79c27a0249db"
      }
    },
    {
      "identity" : "swift-log",
      "kind" : "remoteSourceControl",
      "location" : "https://github.com/apple/swift-log.git",
      "state" : {
        "revision" : "2778fd4e5a12a8aaa30a3ee8285f4ce54c5f3181",
        "version" : "1.9.1"
      }
    },
    {
      "identity" : "yyjson",
      "kind" : "remoteSourceControl",
      "location" : "https://github.com/ibireme/yyjson.git",
      "state" : {
        "revision" : "8b4a38dc994a110abaec8a400615567bd996105f",
        "version" : "0.12.0"
      }
    }
  ],
  "version" : 3
}
